
Microsoft Visual Studio Solution File, Format Version 12.00
# Visual Studio 14
VisualStudioVersion = 14.0.25420.1
MinimumVisualStudioVersion = 10.0.40219.1
Project("{FAE04EC0-301F-11D3-BF4B-00C04F79EFBC}") = "Sort_an_Array", "Sort_an_Array\Sort_an_Array.csproj", "{1EADC225-9E81-4486-A990-ED16583942B6}"
EndProject
Project("{FAE04EC0-301F-11D3-BF4B-00C04F79EFBC}") = "SortAnArray_Test", "SortAnArray_Test\SortAnArray_Test.csproj", "{220516CF-9832-42B6-94BA-7250C20B7D4F}"
EndProject
Global
	GlobalSection(SolutionConfigurationPlatforms) = preSolution
		Debug|Any CPU = Debug|Any CPU
		Release|Any CPU = Release|Any CPU
	EndGlobalSection
	GlobalSection(ProjectConfigurationPlatforms) = postSolution
		{1EADC225-9E81-4486-A990-ED16583942B6}.Debug|Any CPU.ActiveCfg = Debug|Any CPU
		{1EADC225-9E81-4486-A990-ED16583942B6}.Debug|Any CPU.Build.0 = Debug|Any CPU
		{1EADC225-9E81-4486-A990-ED16583942B6}.Release|Any CPU.ActiveCfg = Release|Any CPU
		{1EADC225-9E81-4486-A990-ED16583942B6}.Release|Any CPU.Build.0 = Release|Any CPU
		{220516CF-9832-42B6-94BA-7250C20B7D4F}.Debug|Any CPU.ActiveCfg = Debug|Any CPU
		{220516CF-9832-42B6-94BA-7250C20B7D4F}.Debug|Any CPU.Build.0 = Debug|Any CPU
		{220516CF-9832-42B6-94BA-7250C20B7D4F}.Release|Any CPU.ActiveCfg = Release|Any CPU
		{220516CF-9832-42B6-94BA-7250C20B7D4F}.Release|Any CPU.Build.0 = Release|Any CPU
	EndGlobalSection
	GlobalSection(SolutionProperties) = preSolution
		HideSolutionNode = FALSE
	EndGlobalSection
EndGlobal
